
Microsoft Visual Studio Solution File, Format Version 12.00
# Visual Studio Version 17
VisualStudioVersion = 17.3.32901.215
MinimumVisualStudioVersion = 10.0.40219.1
Project("{FAE04EC0-301F-11D3-BF4B-00C04F79EFBC}") = "DesignPatternsSamples", "DesignPatternsSamples\DesignPatternsSamples.csproj", "{27D54761-323E-4F1E-A269-1712BC8C744C}"
EndProject
Global
	GlobalSection(SolutionConfigurationPlatforms) = preSolution
		Debug|Any CPU = Debug|Any CPU
		Release|Any CPU = Release|Any CPU
	EndGlobalSection
	GlobalSection(ProjectConfigurationPlatforms) = postSolution
		{27D54761-323E-4F1E-A269-1712BC8C744C}.Debug|Any CPU.ActiveCfg = Debug|Any CPU
		{27D54761-323E-4F1E-A269-1712BC8C744C}.Debug|Any CPU.Build.0 = Debug|Any CPU
		{27D54761-323E-4F1E-A269-1712BC8C744C}.Release|Any CPU.ActiveCfg = Release|Any CPU
		{27D54761-323E-4F1E-A269-1712BC8C744C}.Release|Any CPU.Build.0 = Release|Any CPU
	EndGlobalSection
	GlobalSection(SolutionProperties) = preSolution
		HideSolutionNode = FALSE
	EndGlobalSection
	GlobalSection(ExtensibilityGlobals) = postSolution
		SolutionGuid = {69CDA5B7-F803-41FD-BFDC-8F11BD461352}
	EndGlobalSection
EndGlobal
